<?xml version="1.0" encoding="utf-8"?>
<Project ToolsVersion="4.0" xmlns="http://schemas.microsoft.com/developer/msbuild/2003">
  <ItemGroup>
    <Filter Include="Source Files">
      <UniqueIdentifier>{4FC737F1-C7A5-4376-A066-2A32D752A2FF}</UniqueIdentifier>
      <Extensions>cpp;c;cc;cxx</Extensions>
    </Filter>
    <Filter Include="Header Files">
      <UniqueIdentifier>{93995380-89BD-4b04-88EB-625FBE52EBFB}</UniqueIdentifier>
      <Extensions>h;hh;hpp;hxx</Extensions>
    </Filter>
    <Filter Include="Source Files\pty">
      <UniqueIdentifier>{A1B2C3D4-0001-0001-0001-000000000001}</UniqueIdentifier>
    </Filter>
    <Filter Include="Source Files\terminal">
      <UniqueIdentifier>{A1B2C3D4-0001-0001-0001-000000000002}</UniqueIdentifier>
    </Filter>
    <Filter Include="Source Files\renderer">
      <UniqueIdentifier>{A1B2C3D4-0001-0001-0001-000000000003}</UniqueIdentifier>
    </Filter>
    <Filter Include="Source Files\pane">
      <UniqueIdentifier>{A1B2C3D4-0001-0001-0001-000000000004}</UniqueIdentifier>
    </Filter>
    <Filter Include="Header Files\pty">
      <UniqueIdentifier>{A1B2C3D4-0002-0001-0001-000000000001}</UniqueIdentifier>
    </Filter>
    <Filter Include="Header Files\terminal">
      <UniqueIdentifier>{A1B2C3D4-0002-0001-0001-000000000002}</UniqueIdentifier>
    </Filter>
    <Filter Include="Header Files\renderer">
      <UniqueIdentifier>{A1B2C3D4-0002-0001-0001-000000000003}</UniqueIdentifier>
    </Filter>
    <Filter Include="Header Files\pane">
      <UniqueIdentifier>{A1B2C3D4-0002-0001-0001-000000000004}</UniqueIdentifier>
    </Filter>
  </ItemGroup>
  <ItemGroup>
    <ClCompile Include="src\main.cpp">
      <Filter>Source Files</Filter>
    </ClCompile>
    <ClCompile Include="src\app.cpp">
      <Filter>Source Files</Filter>
    </ClCompile>
    <ClCompile Include="src\pty\conpty.cpp">
      <Filter>Source Files\pty</Filter>
    </ClCompile>
    <ClCompile Include="src\terminal\buffer.cpp">
      <Filter>Source Files\terminal</Filter>
    </ClCompile>
    <ClCompile Include="src\terminal\parser.cpp">
      <Filter>Source Files\terminal</Filter>
    </ClCompile>
    <ClCompile Include="src\renderer\dx_renderer.cpp">
      <Filter>Source Files\renderer</Filter>
    </ClCompile>
    <ClCompile Include="src\pane\pane.cpp">
      <Filter>Source Files\pane</Filter>
    </ClCompile>
    <ClCompile Include="src\pane\pane_factory.cpp">
      <Filter>Source Files\pane</Filter>
    </ClCompile>
    <ClCompile Include="src\pane\pane_tree.cpp">
      <Filter>Source Files\pane</Filter>
    </ClCompile>
    <ClCompile Include="src\pane\remote_pane_session.cpp">
      <Filter>Source Files\pane</Filter>
    </ClCompile>
    <ClCompile Include="src\pane\session_host.cpp">
      <Filter>Source Files\pane</Filter>
    </ClCompile>
    <ClCompile Include="src\pane\session_protocol.cpp">
      <Filter>Source Files\pane</Filter>
    </ClCompile>
    <ClCompile Include="src\settings.cpp">
      <Filter>Source Files</Filter>
    </ClCompile>
    <ClCompile Include="src\settings_dialog.cpp">
      <Filter>Source Files</Filter>
    </ClCompile>
  </ItemGroup>
  <ItemGroup>
    <ClInclude Include="src\app.h">
      <Filter>Header Files</Filter>
    </ClInclude>
    <ClInclude Include="src\pty\conpty.h">
      <Filter>Header Files\pty</Filter>
    </ClInclude>
    <ClInclude Include="src\terminal\buffer.h">
      <Filter>Header Files\terminal</Filter>
    </ClInclude>
    <ClInclude Include="src\terminal\parser.h">
      <Filter>Header Files\terminal</Filter>
    </ClInclude>
    <ClInclude Include="src\renderer\dx_renderer.h">
      <Filter>Header Files\renderer</Filter>
    </ClInclude>
    <ClInclude Include="src\pane\pane.h">
      <Filter>Header Files\pane</Filter>
    </ClInclude>
    <ClInclude Include="src\pane\pane_factory.h">
      <Filter>Header Files\pane</Filter>
    </ClInclude>
    <ClInclude Include="src\pane\pane_session.h">
      <Filter>Header Files\pane</Filter>
    </ClInclude>
    <ClInclude Include="src\pane\pane_tree.h">
      <Filter>Header Files\pane</Filter>
    </ClInclude>
    <ClInclude Include="src\pane\remote_pane_session.h">
      <Filter>Header Files\pane</Filter>
    </ClInclude>
    <ClInclude Include="src\pane\session_host.h">
      <Filter>Header Files\pane</Filter>
    </ClInclude>
    <ClInclude Include="src\pane\session_protocol.h">
      <Filter>Header Files\pane</Filter>
    </ClInclude>
    <ClInclude Include="src\settings.h">
      <Filter>Header Files</Filter>
    </ClInclude>
    <ClInclude Include="src\settings_dialog.h">
      <Filter>Header Files</Filter>
    </ClInclude>
  </ItemGroup>
  <ItemGroup>
    <ResourceCompile Include="src\wmux.rc" />
  </ItemGroup>
</Project>
